// !$*UTF8*$!
{
	archiveVersion = 1;
	classes = {
	};
	objectVersion = 50;
	objects = {

/* Begin PBXBuildFile section */
		563439592712DCC30071FDE0 /* AppDelegate.swift in Sources */ = {isa = PBXBuildFile; fileRef = 563439582712DCC30071FDE0 /* AppDelegate.swift */; };
		5634395B2712DCC30071FDE0 /* SceneDelegate.swift in Sources */ = {isa = PBXBuildFile; fileRef = 5634395A2712DCC30071FDE0 /* SceneDelegate.swift */; };
		5634395D2712DCC30071FDE0 /* ViewController.swift in Sources */ = {isa = PBXBuildFile; fileRef = 5634395C2712DCC30071FDE0 /* ViewController.swift */; };
		563439602712DCC30071FDE0 /* Main.storyboard in Resources */ = {isa = PBXBuildFile; fileRef = 5634395E2712DCC30071FDE0 /* Main.storyboard */; };
		563439622712DCC50071FDE0 /* Assets.xcassets in Resources */ = {isa = PBXBuildFile; fileRef = 563439612712DCC50071FDE0 /* Assets.xcassets */; };
		563439652712DCC50071FDE0 /* LaunchScreen.storyboard in Resources */ = {isa = PBXBuildFile; fileRef = 563439632712DCC50071FDE0 /* LaunchScreen.storyboard */; };
		5634396E2712DE0C0071FDE0 /* Home.storyboard in Resources */ = {isa = PBXBuildFile; fileRef = 5634396C2712DE0C0071FDE0 /* Home.storyboard */; };
		563439702712E6B80071FDE0 /* Analytics.storyboard in Resources */ = {isa = PBXBuildFile; fileRef = 5634396F2712E6B80071FDE0 /* Analytics.storyboard */; };
		563439722712EBEB0071FDE0 /* WishingWell.storyboard in Resources */ = {isa = PBXBuildFile; fileRef = 563439712712EBEB0071FDE0 /* WishingWell.storyboard */; };
		563439752712EC010071FDE0 /* Settings.storyboard in Resources */ = {isa = PBXBuildFile; fileRef = 563439732712EC010071FDE0 /* Settings.storyboard */; };
		56BA8B2E272015E700942836 /* settingsViewController.swift in Sources */ = {isa = PBXBuildFile; fileRef = 56BA8B2D272015E700942836 /* settingsViewController.swift */; };
		56CDEE962723F1DD0081AE22 /* categoryModel.swift in Sources */ = {isa = PBXBuildFile; fileRef = 56CDEE952723F1DD0081AE22 /* categoryModel.swift */; };
		56CDEE982723F34E0081AE22 /* Response.swift in Sources */ = {isa = PBXBuildFile; fileRef = 56CDEE972723F34E0081AE22 /* Response.swift */; };
		56F21F182721678A00C92300 /* categoriesDataModel.xcdatamodeld in Sources */ = {isa = PBXBuildFile; fileRef = 56F21F162721678A00C92300 /* categoriesDataModel.xcdatamodeld */; };
		960FE9F22736566F00C44A5E /* HomeViewController.swift in Sources */ = {isa = PBXBuildFile; fileRef = 960FE9F12736566F00C44A5E /* HomeViewController.swift */; };
		960FE9F527367C9F00C44A5E /* AddViewController.swift in Sources */ = {isa = PBXBuildFile; fileRef = 960FE9F427367C9F00C44A5E /* AddViewController.swift */; };
		960FE9F727367D2F00C44A5E /* AddExpense.storyboard in Resources */ = {isa = PBXBuildFile; fileRef = 960FE9F627367D2F00C44A5E /* AddExpense.storyboard */; };
		960FE9F927367E6400C44A5E /* AddExpenseViewController.swift in Sources */ = {isa = PBXBuildFile; fileRef = 960FE9F827367E6400C44A5E /* AddExpenseViewController.swift */; };
		960FE9FB2736D39F00C44A5E /* TabBarViewController.swift in Sources */ = {isa = PBXBuildFile; fileRef = 960FE9FA2736D39F00C44A5E /* TabBarViewController.swift */; };
		96672369274D0D5500048AEA /* WishingWellViewController.swift in Sources */ = {isa = PBXBuildFile; fileRef = 96672367274D0D5500048AEA /* WishingWellViewController.swift */; };
		9667236E274D0EAB00048AEA /* AddWishingWell.storyboard in Resources */ = {isa = PBXBuildFile; fileRef = 9667236D274D0EAB00048AEA /* AddWishingWell.storyboard */; };
		96672370274D163D00048AEA /* Expenses.swift in Sources */ = {isa = PBXBuildFile; fileRef = 9667236F274D163D00048AEA /* Expenses.swift */; };
		96672373274D4F9400048AEA /* Add.storyboard in Resources */ = {isa = PBXBuildFile; fileRef = 96672371274D4F9400048AEA /* Add.storyboard */; };
		968AD56E274E4A7E00F4C995 /* Wishes.swift in Sources */ = {isa = PBXBuildFile; fileRef = 968AD56D274E4A7E00F4C995 /* Wishes.swift */; };
		969E8B86274CBFED0060A2A0 /* AddWishingWellViewController.swift in Sources */ = {isa = PBXBuildFile; fileRef = 969E8B85274CBFED0060A2A0 /* AddWishingWellViewController.swift */; };
/* End PBXBuildFile section */

/* Begin PBXFileReference section */
		563439552712DCC30071FDE0 /* PokPok3.app */ = {isa = PBXFileReference; explicitFileType = wrapper.application; includeInIndex = 0; path = PokPok3.app; sourceTree = BUILT_PRODUCTS_DIR; };
		563439582712DCC30071FDE0 /* AppDelegate.swift */ = {isa = PBXFileReference; lastKnownFileType = sourcecode.swift; path = AppDelegate.swift; sourceTree = "<group>"; };
		5634395A2712DCC30071FDE0 /* SceneDelegate.swift */ = {isa = PBXFileReference; lastKnownFileType = sourcecode.swift; path = SceneDelegate.swift; sourceTree = "<group>"; };
		5634395C2712DCC30071FDE0 /* ViewController.swift */ = {isa = PBXFileReference; lastKnownFileType = sourcecode.swift; path = ViewController.swift; sourceTree = "<group>"; };
		5634395F2712DCC30071FDE0 /* Base */ = {isa = PBXFileReference; lastKnownFileType = file.storyboard; name = Base; path = Base.lproj/Main.storyboard; sourceTree = "<group>"; };
		563439612712DCC50071FDE0 /* Assets.xcassets */ = {isa = PBXFileReference; lastKnownFileType = folder.assetcatalog; path = Assets.xcassets; sourceTree = "<group>"; };
		563439642712DCC50071FDE0 /* Base */ = {isa = PBXFileReference; lastKnownFileType = file.storyboard; name = Base; path = Base.lproj/LaunchScreen.storyboard; sourceTree = "<group>"; };
		563439662712DCC50071FDE0 /* Info.plist */ = {isa = PBXFileReference; lastKnownFileType = text.plist.xml; path = Info.plist; sourceTree = "<group>"; };
		5634396D2712DE0C0071FDE0 /* Base */ = {isa = PBXFileReference; lastKnownFileType = file.storyboard; name = Base; path = PokPok3/Base.lproj/Home.storyboard; sourceTree = "<group>"; };
		5634396F2712E6B80071FDE0 /* Analytics.storyboard */ = {isa = PBXFileReference; fileEncoding = 4; lastKnownFileType = file.storyboard; name = Analytics.storyboard; path = PokPok3/Modules/Analytics/View/Analytics.storyboard; sourceTree = SOURCE_ROOT; };
		563439712712EBEB0071FDE0 /* WishingWell.storyboard */ = {isa = PBXFileReference; fileEncoding = 4; lastKnownFileType = file.storyboard; path = WishingWell.storyboard; sourceTree = "<group>"; };
		563439742712EC010071FDE0 /* Base */ = {isa = PBXFileReference; lastKnownFileType = file.storyboard; name = Base; path = PokPok3/Base.lproj/Settings.storyboard; sourceTree = "<group>"; };
		56BA8B2D272015E700942836 /* settingsViewController.swift */ = {isa = PBXFileReference; lastKnownFileType = sourcecode.swift; path = settingsViewController.swift; sourceTree = "<group>"; };
		56CDEE952723F1DD0081AE22 /* categoryModel.swift */ = {isa = PBXFileReference; lastKnownFileType = sourcecode.swift; path = categoryModel.swift; sourceTree = "<group>"; };
		56CDEE972723F34E0081AE22 /* Response.swift */ = {isa = PBXFileReference; lastKnownFileType = sourcecode.swift; path = Response.swift; sourceTree = "<group>"; };
		56F21F172721678A00C92300 /* categoriesDataModel.xcdatamodel */ = {isa = PBXFileReference; lastKnownFileType = wrapper.xcdatamodel; path = categoriesDataModel.xcdatamodel; sourceTree = "<group>"; };
		960FE9EB273654CF00C44A5E /* PokPok3.entitlements */ = {isa = PBXFileReference; lastKnownFileType = text.plist.entitlements; path = PokPok3.entitlements; sourceTree = "<group>"; };
		960FE9F12736566F00C44A5E /* HomeViewController.swift */ = {isa = PBXFileReference; lastKnownFileType = sourcecode.swift; path = HomeViewController.swift; sourceTree = "<group>"; };
		960FE9F427367C9F00C44A5E /* AddViewController.swift */ = {isa = PBXFileReference; lastKnownFileType = sourcecode.swift; path = AddViewController.swift; sourceTree = "<group>"; };
		960FE9F627367D2F00C44A5E /* AddExpense.storyboard */ = {isa = PBXFileReference; fileEncoding = 4; lastKnownFileType = file.storyboard; path = AddExpense.storyboard; sourceTree = "<group>"; };
		960FE9F827367E6400C44A5E /* AddExpenseViewController.swift */ = {isa = PBXFileReference; lastKnownFileType = sourcecode.swift; path = AddExpenseViewController.swift; sourceTree = "<group>"; };
		960FE9FA2736D39F00C44A5E /* TabBarViewController.swift */ = {isa = PBXFileReference; lastKnownFileType = sourcecode.swift; path = TabBarViewController.swift; sourceTree = "<group>"; };
		96672367274D0D5500048AEA /* WishingWellViewController.swift */ = {isa = PBXFileReference; lastKnownFileType = sourcecode.swift; path = WishingWellViewController.swift; sourceTree = "<group>"; };
		9667236D274D0EAB00048AEA /* AddWishingWell.storyboard */ = {isa = PBXFileReference; fileEncoding = 4; lastKnownFileType = file.storyboard; path = AddWishingWell.storyboard; sourceTree = "<group>"; };
		9667236F274D163D00048AEA /* Expenses.swift */ = {isa = PBXFileReference; lastKnownFileType = sourcecode.swift; path = Expenses.swift; sourceTree = "<group>"; };
		96672372274D4F9400048AEA /* Base */ = {isa = PBXFileReference; lastKnownFileType = file.storyboard; name = Base; path = Modules/Main/Base.lproj/Add.storyboard; sourceTree = "<group>"; };
		968AD56D274E4A7E00F4C995 /* Wishes.swift */ = {isa = PBXFileReference; lastKnownFileType = sourcecode.swift; path = Wishes.swift; sourceTree = "<group>"; };
		969E8B85274CBFED0060A2A0 /* AddWishingWellViewController.swift */ = {isa = PBXFileReference; lastKnownFileType = sourcecode.swift; path = AddWishingWellViewController.swift; sourceTree = "<group>"; };
/* End PBXFileReference section */

/* Begin PBXFrameworksBuildPhase section */
		563439522712DCC30071FDE0 /* Frameworks */ = {
			isa = PBXFrameworksBuildPhase;
			buildActionMask = 2147483647;
			files = (
			);
			runOnlyForDeploymentPostprocessing = 0;
		};
/* End PBXFrameworksBuildPhase section */

/* Begin PBXGroup section */
		5634394C2712DCC30071FDE0 = {
			isa = PBXGroup;
			children = (
				563439572712DCC30071FDE0 /* PokPok3 */,
				563439562712DCC30071FDE0 /* Products */,
			);
			sourceTree = "<group>";
		};
		563439562712DCC30071FDE0 /* Products */ = {
			isa = PBXGroup;
			children = (
				563439552712DCC30071FDE0 /* PokPok3.app */,
			);
			name = Products;
			sourceTree = "<group>";
		};
		563439572712DCC30071FDE0 /* PokPok3 */ = {
			isa = PBXGroup;
			children = (
				960FE9EB273654CF00C44A5E /* PokPok3.entitlements */,
				9667236F274D163D00048AEA /* Expenses.swift */,
				968AD56D274E4A7E00F4C995 /* Wishes.swift */,
				960FE9E62736544F00C44A5E /* Modules */,
				56CDEE972723F34E0081AE22 /* Response.swift */,
				56CDEE952723F1DD0081AE22 /* categoryModel.swift */,
				56F21F162721678A00C92300 /* categoriesDataModel.xcdatamodeld */,
				563439582712DCC30071FDE0 /* AppDelegate.swift */,
				5634395A2712DCC30071FDE0 /* SceneDelegate.swift */,
				563439612712DCC50071FDE0 /* Assets.xcassets */,
				563439632712DCC50071FDE0 /* LaunchScreen.storyboard */,
				563439662712DCC50071FDE0 /* Info.plist */,
			);
			path = PokPok3;
			sourceTree = "<group>";
		};
		960FE9E62736544F00C44A5E /* Modules */ = {
			isa = PBXGroup;
			children = (
				960FE9F327367C7600C44A5E /* Main */,
				960FE9E72736545C00C44A5E /* Expense */,
				960FE9E82736547300C44A5E /* Analytics */,
				960FE9E92736548500C44A5E /* WishingWell */,
				960FE9EA2736549100C44A5E /* Settings */,
			);
			path = Modules;
			sourceTree = "<group>";
		};
		960FE9E72736545C00C44A5E /* Expense */ = {
			isa = PBXGroup;
			children = (
				960FE9ED2736550400C44A5E /* View */,
				960FE9EC273654F000C44A5E /* Controller */,
			);
			path = Expense;
			sourceTree = "<group>";
		};
		960FE9E82736547300C44A5E /* Analytics */ = {
			isa = PBXGroup;
			children = (
				960FE9F02736553400C44A5E /* View */,
				960FE9EE2736551200C44A5E /* Controller */,
			);
			path = Analytics;
			sourceTree = "<group>";
		};
		960FE9E92736548500C44A5E /* WishingWell */ = {
			isa = PBXGroup;
			children = (
				9667236C274D0D8A00048AEA /* View */,
				9667236B274D0D8300048AEA /* Controller */,
			);
			path = WishingWell;
			sourceTree = "<group>";
		};
		960FE9EA2736549100C44A5E /* Settings */ = {
			isa = PBXGroup;
			children = (
				56BA8B2D272015E700942836 /* settingsViewController.swift */,
				563439732712EC010071FDE0 /* Settings.storyboard */,
			);
			path = Settings;
			sourceTree = "<group>";
		};
		960FE9EC273654F000C44A5E /* Controller */ = {
			isa = PBXGroup;
			children = (
				960FE9F12736566F00C44A5E /* HomeViewController.swift */,
				960FE9F827367E6400C44A5E /* AddExpenseViewController.swift */,
			);
			path = Controller;
			sourceTree = "<group>";
		};
		960FE9ED2736550400C44A5E /* View */ = {
			isa = PBXGroup;
			children = (
				960FE9F627367D2F00C44A5E /* AddExpense.storyboard */,
				5634396C2712DE0C0071FDE0 /* Home.storyboard */,
			);
			path = View;
			sourceTree = "<group>";
		};
		960FE9EE2736551200C44A5E /* Controller */ = {
			isa = PBXGroup;
			children = (
			);
			path = Controller;
			sourceTree = "<group>";
		};
		960FE9F02736553400C44A5E /* View */ = {
			isa = PBXGroup;
			children = (
				5634396F2712E6B80071FDE0 /* Analytics.storyboard */,
			);
			path = View;
			sourceTree = "<group>";
		};
		960FE9F327367C7600C44A5E /* Main */ = {
			isa = PBXGroup;
			children = (
				96672375274D540C00048AEA /* View */,
				96672374274D540400048AEA /* Controller */,
			);
			path = Main;
			sourceTree = "<group>";
		};
		9667236B274D0D8300048AEA /* Controller */ = {
			isa = PBXGroup;
			children = (
				969E8B85274CBFED0060A2A0 /* AddWishingWellViewController.swift */,
				96672367274D0D5500048AEA /* WishingWellViewController.swift */,
			);
			path = Controller;
			sourceTree = "<group>";
		};
		9667236C274D0D8A00048AEA /* View */ = {
			isa = PBXGroup;
			children = (
				9667236D274D0EAB00048AEA /* AddWishingWell.storyboard */,
				563439712712EBEB0071FDE0 /* WishingWell.storyboard */,
			);
			path = View;
			sourceTree = "<group>";
		};
		96672374274D540400048AEA /* Controller */ = {
			isa = PBXGroup;
			children = (
				5634395C2712DCC30071FDE0 /* ViewController.swift */,
				960FE9F427367C9F00C44A5E /* AddViewController.swift */,
				960FE9FA2736D39F00C44A5E /* TabBarViewController.swift */,
			);
			path = Controller;
			sourceTree = "<group>";
		};
		96672375274D540C00048AEA /* View */ = {
			isa = PBXGroup;
			children = (
				5634395E2712DCC30071FDE0 /* Main.storyboard */,
				96672371274D4F9400048AEA /* Add.storyboard */,
			);
			path = View;
			sourceTree = "<group>";
		};
/* End PBXGroup section */

/* Begin PBXNativeTarget section */
		563439542712DCC30071FDE0 /* PokPok3 */ = {
			isa = PBXNativeTarget;
			buildConfigurationList = 563439692712DCC50071FDE0 /* Build configuration list for PBXNativeTarget "PokPok3" */;
			buildPhases = (
				563439512712DCC30071FDE0 /* Sources */,
				563439522712DCC30071FDE0 /* Frameworks */,
				563439532712DCC30071FDE0 /* Resources */,
			);
			buildRules = (
			);
			dependencies = (
			);
			name = PokPok3;
			productName = PokPok3;
			productReference = 563439552712DCC30071FDE0 /* PokPok3.app */;
			productType = "com.apple.product-type.application";
		};
/* End PBXNativeTarget section */

/* Begin PBXProject section */
		5634394D2712DCC30071FDE0 /* Project object */ = {
			isa = PBXProject;
			attributes = {
				LastSwiftUpdateCheck = 1250;
				LastUpgradeCheck = 1250;
				TargetAttributes = {
					563439542712DCC30071FDE0 = {
						CreatedOnToolsVersion = 12.5.1;
					};
				};
			};
			buildConfigurationList = 563439502712DCC30071FDE0 /* Build configuration list for PBXProject "PokPok3" */;
			compatibilityVersion = "Xcode 9.3";
			developmentRegion = en;
			hasScannedForEncodings = 0;
			knownRegions = (
				en,
				Base,
			);
			mainGroup = 5634394C2712DCC30071FDE0;
			productRefGroup = 563439562712DCC30071FDE0 /* Products */;
			projectDirPath = "";
			projectRoot = "";
			targets = (
				563439542712DCC30071FDE0 /* PokPok3 */,
			);
		};
/* End PBXProject section */

/* Begin PBXResourcesBuildPhase section */
		563439532712DCC30071FDE0 /* Resources */ = {
			isa = PBXResourcesBuildPhase;
			buildActionMask = 2147483647;
			files = (
				9667236E274D0EAB00048AEA /* AddWishingWell.storyboard in Resources */,
				563439652712DCC50071FDE0 /* LaunchScreen.storyboard in Resources */,
				96672373274D4F9400048AEA /* Add.storyboard in Resources */,
				563439622712DCC50071FDE0 /* Assets.xcassets in Resources */,
				563439722712EBEB0071FDE0 /* WishingWell.storyboard in Resources */,
				563439702712E6B80071FDE0 /* Analytics.storyboard in Resources */,
				563439602712DCC30071FDE0 /* Main.storyboard in Resources */,
				960FE9F727367D2F00C44A5E /* AddExpense.storyboard in Resources */,
				5634396E2712DE0C0071FDE0 /* Home.storyboard in Resources */,
				563439752712EC010071FDE0 /* Settings.storyboard in Resources */,
			);
			runOnlyForDeploymentPostprocessing = 0;
		};
/* End PBXResourcesBuildPhase section */

/* Begin PBXSourcesBuildPhase section */
		563439512712DCC30071FDE0 /* Sources */ = {
			isa = PBXSourcesBuildPhase;
			buildActionMask = 2147483647;
			files = (
				5634395D2712DCC30071FDE0 /* ViewController.swift in Sources */,
				563439592712DCC30071FDE0 /* AppDelegate.swift in Sources */,
				960FE9FB2736D39F00C44A5E /* TabBarViewController.swift in Sources */,
				960FE9F527367C9F00C44A5E /* AddViewController.swift in Sources */,
				5634395B2712DCC30071FDE0 /* SceneDelegate.swift in Sources */,
				960FE9F22736566F00C44A5E /* HomeViewController.swift in Sources */,
				96672370274D163D00048AEA /* Expenses.swift in Sources */,
				969E8B86274CBFED0060A2A0 /* AddWishingWellViewController.swift in Sources */,
				96672369274D0D5500048AEA /* WishingWellViewController.swift in Sources */,
				56F21F182721678A00C92300 /* categoriesDataModel.xcdatamodeld in Sources */,
				56BA8B2E272015E700942836 /* settingsViewController.swift in Sources */,
				960FE9F927367E6400C44A5E /* AddExpenseViewController.swift in Sources */,
				56CDEE962723F1DD0081AE22 /* categoryModel.swift in Sources */,
				56CDEE982723F34E0081AE22 /* Response.swift in Sources */,
				968AD56E274E4A7E00F4C995 /* Wishes.swift in Sources */,
			);
			runOnlyForDeploymentPostprocessing = 0;
		};
/* End PBXSourcesBuildPhase section */

/* Begin PBXVariantGroup section */
		5634395E2712DCC30071FDE0 /* Main.storyboard */ = {
			isa = PBXVariantGroup;
			children = (
				5634395F2712DCC30071FDE0 /* Base */,
			);
			name = Main.storyboard;
			sourceTree = "<group>";
		};
		563439632712DCC50071FDE0 /* LaunchScreen.storyboard */ = {
			isa = PBXVariantGroup;
			children = (
				563439642712DCC50071FDE0 /* Base */,
			);
			name = LaunchScreen.storyboard;
			sourceTree = "<group>";
		};
		5634396C2712DE0C0071FDE0 /* Home.storyboard */ = {
			isa = PBXVariantGroup;
			children = (
				5634396D2712DE0C0071FDE0 /* Base */,
			);
			name = Home.storyboard;
			sourceTree = "<group>";
		};
		563439732712EC010071FDE0 /* Settings.storyboard */ = {
			isa = PBXVariantGroup;
			children = (
				563439742712EC010071FDE0 /* Base */,
			);
			name = Settings.storyboard;
			sourceTree = "<group>";
		};
		96672371274D4F9400048AEA /* Add.storyboard */ = {
			isa = PBXVariantGroup;
			children = (
				96672372274D4F9400048AEA /* Base */,
			);
			name = Add.storyboard;
			sourceTree = "<group>";
		};
/* End PBXVariantGroup section */

/* Begin XCBuildConfiguration section */
		563439672712DCC50071FDE0 /* Debug */ = {
			isa = XCBuildConfiguration;
			buildSettings = {
				ALWAYS_SEARCH_USER_PATHS = NO;
				CLANG_ANALYZER_NONNULL = YES;
				CLANG_ANALYZER_NUMBER_OBJECT_CONVERSION = YES_AGGRESSIVE;
				CLANG_CXX_LANGUAGE_STANDARD = "gnu++14";
				CLANG_CXX_LIBRARY = "libc++";
				CLANG_ENABLE_MODULES = YES;
				CLANG_ENABLE_OBJC_ARC = YES;
				CLANG_ENABLE_OBJC_WEAK = YES;
				CLANG_WARN_BLOCK_CAPTURE_AUTORELEASING = YES;
				CLANG_WARN_BOOL_CONVERSION = YES;
				CLANG_WARN_COMMA = YES;
				CLANG_WARN_CONSTANT_CONVERSION = YES;
				CLANG_WARN_DEPRECATED_OBJC_IMPLEMENTATIONS = YES;
				CLANG_WARN_DIRECT_OBJC_ISA_USAGE = YES_ERROR;
				CLANG_WARN_DOCUMENTATION_COMMENTS = YES;
				CLANG_WARN_EMPTY_BODY = YES;
				CLANG_WARN_ENUM_CONVERSION = YES;
				CLANG_WARN_INFINITE_RECURSION = YES;
				CLANG_WARN_INT_CONVERSION = YES;
				CLANG_WARN_NON_LITERAL_NULL_CONVERSION = YES;
				CLANG_WARN_OBJC_IMPLICIT_RETAIN_SELF = YES;
				CLANG_WARN_OBJC_LITERAL_CONVERSION = YES;
				CLANG_WARN_OBJC_ROOT_CLASS = YES_ERROR;
				CLANG_WARN_QUOTED_INCLUDE_IN_FRAMEWORK_HEADER = YES;
				CLANG_WARN_RANGE_LOOP_ANALYSIS = YES;
				CLANG_WARN_STRICT_PROTOTYPES = YES;
				CLANG_WARN_SUSPICIOUS_MOVE = YES;
				CLANG_WARN_UNGUARDED_AVAILABILITY = YES_AGGRESSIVE;
				CLANG_WARN_UNREACHABLE_CODE = YES;
				CLANG_WARN__DUPLICATE_METHOD_MATCH = YES;
				COPY_PHASE_STRIP = NO;
				DEBUG_INFORMATION_FORMAT = dwarf;
				ENABLE_STRICT_OBJC_MSGSEND = YES;
				ENABLE_TESTABILITY = YES;
				GCC_C_LANGUAGE_STANDARD = gnu11;
				GCC_DYNAMIC_NO_PIC = NO;
				GCC_NO_COMMON_BLOCKS = YES;
				GCC_OPTIMIZATION_LEVEL = 0;
				GCC_PREPROCESSOR_DEFINITIONS = (
					"DEBUG=1",
					"$(inherited)",
				);
				GCC_WARN_64_TO_32_BIT_CONVERSION = YES;
				GCC_WARN_ABOUT_RETURN_TYPE = YES_ERROR;
				GCC_WARN_UNDECLARED_SELECTOR = YES;
				GCC_WARN_UNINITIALIZED_AUTOS = YES_AGGRESSIVE;
				GCC_WARN_UNUSED_FUNCTION = YES;
				GCC_WARN_UNUSED_VARIABLE = YES;
				IPHONEOS_DEPLOYMENT_TARGET = 14.5;
				MTL_ENABLE_DEBUG_INFO = INCLUDE_SOURCE;
				MTL_FAST_MATH = YES;
				ONLY_ACTIVE_ARCH = YES;
				SDKROOT = iphoneos;
				SWIFT_ACTIVE_COMPILATION_CONDITIONS = DEBUG;
				SWIFT_OPTIMIZATION_LEVEL = "-Onone";
			};
			name = Debug;
		};
		563439682712DCC50071FDE0 /* Release */ = {
			isa = XCBuildConfiguration;
			buildSettings = {
				ALWAYS_SEARCH_USER_PATHS = NO;
				CLANG_ANALYZER_NONNULL = YES;
				CLANG_ANALYZER_NUMBER_OBJECT_CONVERSION = YES_AGGRESSIVE;
				CLANG_CXX_LANGUAGE_STANDARD = "gnu++14";
				CLANG_CXX_LIBRARY = "libc++";
				CLANG_ENABLE_MODULES = YES;
				CLANG_ENABLE_OBJC_ARC = YES;
				CLANG_ENABLE_OBJC_WEAK = YES;
				CLANG_WARN_BLOCK_CAPTURE_AUTORELEASING = YES;
				CLANG_WARN_BOOL_CONVERSION = YES;
				CLANG_WARN_COMMA = YES;
				CLANG_WARN_CONSTANT_CONVERSION = YES;
				CLANG_WARN_DEPRECATED_OBJC_IMPLEMENTATIONS = YES;
				CLANG_WARN_DIRECT_OBJC_ISA_USAGE = YES_ERROR;
				CLANG_WARN_DOCUMENTATION_COMMENTS = YES;
				CLANG_WARN_EMPTY_BODY = YES;
				CLANG_WARN_ENUM_CONVERSION = YES;
				CLANG_WARN_INFINITE_RECURSION = YES;
				CLANG_WARN_INT_CONVERSION = YES;
				CLANG_WARN_NON_LITERAL_NULL_CONVERSION = YES;
				CLANG_WARN_OBJC_IMPLICIT_RETAIN_SELF = YES;
				CLANG_WARN_OBJC_LITERAL_CONVERSION = YES;
				CLANG_WARN_OBJC_ROOT_CLASS = YES_ERROR;
				CLANG_WARN_QUOTED_INCLUDE_IN_FRAMEWORK_HEADER = YES;
				CLANG_WARN_RANGE_LOOP_ANALYSIS = YES;
				CLANG_WARN_STRICT_PROTOTYPES = YES;
				CLANG_WARN_SUSPICIOUS_MOVE = YES;
				CLANG_WARN_UNGUARDED_AVAILABILITY = YES_AGGRESSIVE;
				CLANG_WARN_UNREACHABLE_CODE = YES;
				CLANG_WARN__DUPLICATE_METHOD_MATCH = YES;
				COPY_PHASE_STRIP = NO;
				DEBUG_INFORMATION_FORMAT = "dwarf-with-dsym";
				ENABLE_NS_ASSERTIONS = NO;
				ENABLE_STRICT_OBJC_MSGSEND = YES;
				GCC_C_LANGUAGE_STANDARD = gnu11;
				GCC_NO_COMMON_BLOCKS = YES;
				GCC_WARN_64_TO_32_BIT_CONVERSION = YES;
				GCC_WARN_ABOUT_RETURN_TYPE = YES_ERROR;
				GCC_WARN_UNDECLARED_SELECTOR = YES;
				GCC_WARN_UNINITIALIZED_AUTOS = YES_AGGRESSIVE;
				GCC_WARN_UNUSED_FUNCTION = YES;
				GCC_WARN_UNUSED_VARIABLE = YES;
				IPHONEOS_DEPLOYMENT_TARGET = 14.5;
				MTL_ENABLE_DEBUG_INFO = NO;
				MTL_FAST_MATH = YES;
				SDKROOT = iphoneos;
				SWIFT_COMPILATION_MODE = wholemodule;
				SWIFT_OPTIMIZATION_LEVEL = "-O";
				VALIDATE_PRODUCT = YES;
			};
			name = Release;
		};
		5634396A2712DCC50071FDE0 /* Debug */ = {
			isa = XCBuildConfiguration;
			buildSettings = {
				ASSETCATALOG_COMPILER_APPICON_NAME = AppIcon;
				ASSETCATALOG_COMPILER_GLOBAL_ACCENT_COLOR_NAME = AccentColor;
				ASSETCATALOG_COMPILER_INCLUDE_ALL_APPICON_ASSETS = YES;
				CODE_SIGN_ENTITLEMENTS = PokPok3/PokPok3.entitlements;
				CODE_SIGN_STYLE = Automatic;
				DEVELOPMENT_TEAM = QYWW5CK79V;
				INFOPLIST_FILE = PokPok3/Info.plist;
				LD_RUNPATH_SEARCH_PATHS = (
					"$(inherited)",
					"@executable_path/Frameworks",
				);
				PRODUCT_BUNDLE_IDENTIFIER = com.personal.PokPok;
				PRODUCT_NAME = "$(TARGET_NAME)";
				SWIFT_VERSION = 5.0;
				TARGETED_DEVICE_FAMILY = 1;
			};
			name = Debug;
		};
		5634396B2712DCC50071FDE0 /* Release */ = {
			isa = XCBuildConfiguration;
			buildSettings = {
				ASSETCATALOG_COMPILER_APPICON_NAME = AppIcon;
				ASSETCATALOG_COMPILER_GLOBAL_ACCENT_COLOR_NAME = AccentColor;
				ASSETCATALOG_COMPILER_INCLUDE_ALL_APPICON_ASSETS = YES;
				CODE_SIGN_ENTITLEMENTS = PokPok3/PokPok3.entitlements;
				CODE_SIGN_STYLE = Automatic;
				DEVELOPMENT_TEAM = QYWW5CK79V;
				INFOPLIST_FILE = PokPok3/Info.plist;
				LD_RUNPATH_SEARCH_PATHS = (
					"$(inherited)",
					"@executable_path/Frameworks",
				);
				PRODUCT_BUNDLE_IDENTIFIER = com.personal.PokPok;
				PRODUCT_NAME = "$(TARGET_NAME)";
				SWIFT_VERSION = 5.0;
				TARGETED_DEVICE_FAMILY = 1;
			};
			name = Release;
		};
/* End XCBuildConfiguration section */

/* Begin XCConfigurationList section */
		563439502712DCC30071FDE0 /* Build configuration list for PBXProject "PokPok3" */ = {
			isa = XCConfigurationList;
			buildConfigurations = (
				563439672712DCC50071FDE0 /* Debug */,
				563439682712DCC50071FDE0 /* Release */,
			);
			defaultConfigurationIsVisible = 0;
			defaultConfigurationName = Release;
		};
		563439692712DCC50071FDE0 /* Build configuration list for PBXNativeTarget "PokPok3" */ = {
			isa = XCConfigurationList;
			buildConfigurations = (
				5634396A2712DCC50071FDE0 /* Debug */,
				5634396B2712DCC50071FDE0 /* Release */,
			);
			defaultConfigurationIsVisible = 0;
			defaultConfigurationName = Release;
		};
/* End XCConfigurationList section */

/* Begin XCVersionGroup section */
		56F21F162721678A00C92300 /* categoriesDataModel.xcdatamodeld */ = {
			isa = XCVersionGroup;
			children = (
				56F21F172721678A00C92300 /* categoriesDataModel.xcdatamodel */,
			);
			currentVersion = 56F21F172721678A00C92300 /* categoriesDataModel.xcdatamodel */;
			path = categoriesDataModel.xcdatamodeld;
			sourceTree = "<group>";
			versionGroupType = wrapper.xcdatamodel;
		};
/* End XCVersionGroup section */
	};
	rootObject = 5634394D2712DCC30071FDE0 /* Project object */;
}
